
Microsoft Visual Studio Solution File, Format Version 12.00
# Visual Studio Version 17
VisualStudioVersion = 17.6.33815.320
MinimumVisualStudioVersion = 10.0.40219.1
Project("{FAE04EC0-301F-11D3-BF4B-00C04F79EFBC}") = "PO_project", "PO_project\PO_project.csproj", "{2EB7C7B5-D3E7-41E1-9A02-1DC01135AD99}"
EndProject
Global
	GlobalSection(SolutionConfigurationPlatforms) = preSolution
		Debug|Any CPU = Debug|Any CPU
		Release|Any CPU = Release|Any CPU
	EndGlobalSection
	GlobalSection(ProjectConfigurationPlatforms) = postSolution
		{2EB7C7B5-D3E7-41E1-9A02-1DC01135AD99}.Debug|Any CPU.ActiveCfg = Debug|Any CPU
		{2EB7C7B5-D3E7-41E1-9A02-1DC01135AD99}.Debug|Any CPU.Build.0 = Debug|Any CPU
		{2EB7C7B5-D3E7-41E1-9A02-1DC01135AD99}.Release|Any CPU.ActiveCfg = Release|Any CPU
		{2EB7C7B5-D3E7-41E1-9A02-1DC01135AD99}.Release|Any CPU.Build.0 = Release|Any CPU
	EndGlobalSection
	GlobalSection(SolutionProperties) = preSolution
		HideSolutionNode = FALSE
	EndGlobalSection
	GlobalSection(ExtensibilityGlobals) = postSolution
		SolutionGuid = {4BDB53FC-C0A2-45B7-8490-E14F4450D3A1}
	EndGlobalSection
EndGlobal
